
Microsoft Visual Studio Solution File, Format Version 12.00
# Visual Studio Version 16
VisualStudioVersion = 16.0.29102.190
MinimumVisualStudioVersion = 10.0.40219.1
Project("{FAE04EC0-301F-11D3-BF4B-00C04F79EFBC}") = "MvcMovie", "MvcMovie\MvcMovie.csproj", "{409F4D8F-AF63-4E68-8EA1-61E1EF993BAF}"
EndProject
Global
	GlobalSection(SolutionConfigurationPlatforms) = preSolution
		Debug|Any CPU = Debug|Any CPU
		Release|Any CPU = Release|Any CPU
	EndGlobalSection
	GlobalSection(ProjectConfigurationPlatforms) = postSolution
		{409F4D8F-AF63-4E68-8EA1-61E1EF993BAF}.Debug|Any CPU.ActiveCfg = Debug|Any CPU
		{409F4D8F-AF63-4E68-8EA1-61E1EF993BAF}.Debug|Any CPU.Build.0 = Debug|Any CPU
		{409F4D8F-AF63-4E68-8EA1-61E1EF993BAF}.Release|Any CPU.ActiveCfg = Release|Any CPU
		{409F4D8F-AF63-4E68-8EA1-61E1EF993BAF}.Release|Any CPU.Build.0 = Release|Any CPU
	EndGlobalSection
	GlobalSection(SolutionProperties) = preSolution
		HideSolutionNode = FALSE
	EndGlobalSection
	GlobalSection(ExtensibilityGlobals) = postSolution
		SolutionGuid = {FA749DD7-3EA0-40E4-A740-A5327CE8BE93}
	EndGlobalSection
EndGlobal
